
Microsoft Visual Studio Solution File, Format Version 12.00
# Visual Studio 15
VisualStudioVersion = 15.0.27703.2042
MinimumVisualStudioVersion = 10.0.40219.1
Project("{FAE04EC0-301F-11D3-BF4B-00C04F79EFBC}") = "MobileAppUI.Android", "MobileAppUI\MobileAppUI.Android\MobileAppUI.Android.csproj", "{4E88067D-5837-4ED7-8B56-17BC623744B9}"
EndProject
Project("{FAE04EC0-301F-11D3-BF4B-00C04F79EFBC}") = "MobileAppUI.iOS", "MobileAppUI\MobileAppUI.iOS\MobileAppUI.iOS.csproj", "{08D28060-6EE3-4C99-A509-309AF9561211}"
EndProject
Project("{FAE04EC0-301F-11D3-BF4B-00C04F79EFBC}") = "MobileAppUI.UWP", "MobileAppUI\MobileAppUI.UWP\MobileAppUI.UWP.csproj", "{BB4D40FB-2DF8-4763-920E-F7BBE451502F}"
EndProject
Project("{FAE04EC0-301F-11D3-BF4B-00C04F79EFBC}") = "MobileAppUI", "MobileAppUI\MobileAppUI\MobileAppUI.csproj", "{7E46B330-DA9D-43BA-81CD-82667CC8A473}"
EndProject
Global
	GlobalSection(SolutionConfigurationPlatforms) = preSolution
		Ad-Hoc|Any CPU = Ad-Hoc|Any CPU
		Ad-Hoc|ARM = Ad-Hoc|ARM
		Ad-Hoc|iPhone = Ad-Hoc|iPhone
		Ad-Hoc|iPhoneSimulator = Ad-Hoc|iPhoneSimulator
		Ad-Hoc|x64 = Ad-Hoc|x64
		Ad-Hoc|x86 = Ad-Hoc|x86
		AppStore|Any CPU = AppStore|Any CPU
		AppStore|ARM = AppStore|ARM
		AppStore|iPhone = AppStore|iPhone
		AppStore|iPhoneSimulator = AppStore|iPhoneSimulator
		AppStore|x64 = AppStore|x64
		AppStore|x86 = AppStore|x86
		Debug|Any CPU = Debug|Any CPU
		Debug|ARM = Debug|ARM
		Debug|iPhone = Debug|iPhone
		Debug|iPhoneSimulator = Debug|iPhoneSimulator
		Debug|x64 = Debug|x64
		Debug|x86 = Debug|x86
		Release|Any CPU = Release|Any CPU
		Release|ARM = Release|ARM
		Release|iPhone = Release|iPhone
		Release|iPhoneSimulator = Release|iPhoneSimulator
		Release|x64 = Release|x64
		Release|x86 = Release|x86
	EndGlobalSection
	GlobalSection(ProjectConfigurationPlatforms) = postSolution
		{4E88067D-5837-4ED7-8B56-17BC623744B9}.Ad-Hoc|Any CPU.ActiveCfg = Release|Any CPU
		{4E88067D-5837-4ED7-8B56-17BC623744B9}.Ad-Hoc|Any CPU.Build.0 = Release|Any CPU
		{4E88067D-5837-4ED7-8B56-17BC623744B9}.Ad-Hoc|Any CPU.Deploy.0 = Release|Any CPU
		{4E88067D-5837-4ED7-8B56-17BC623744B9}.Ad-Hoc|ARM.ActiveCfg = Release|Any CPU
		{4E88067D-5837-4ED7-8B56-17BC623744B9}.Ad-Hoc|ARM.Build.0 = Release|Any CPU
		{4E88067D-5837-4ED7-8B56-17BC623744B9}.Ad-Hoc|ARM.Deploy.0 = Release|Any CPU
		{4E88067D-5837-4ED7-8B56-17BC623744B9}.Ad-Hoc|iPhone.ActiveCfg = Release|Any CPU
		{4E88067D-5837-4ED7-8B56-17BC623744B9}.Ad-Hoc|iPhone.Build.0 = Release|Any CPU
		{4E88067D-5837-4ED7-8B56-17BC623744B9}.Ad-Hoc|iPhone.Deploy.0 = Release|Any CPU
		{4E88067D-5837-4ED7-8B56-17BC623744B9}.Ad-Hoc|iPhoneSimulator.ActiveCfg = Release|Any CPU
		{4E88067D-5837-4ED7-8B56-17BC623744B9}.Ad-Hoc|iPhoneSimulator.Build.0 = Release|Any CPU
		{4E88067D-5837-4ED7-8B56-17BC623744B9}.Ad-Hoc|iPhoneSimulator.Deploy.0 = Release|Any CPU
		{4E88067D-5837-4ED7-8B56-17BC623744B9}.Ad-Hoc|x64.ActiveCfg = Release|Any CPU
		{4E88067D-5837-4ED7-8B56-17BC623744B9}.Ad-Hoc|x64.Build.0 = Release|Any CPU
		{4E88067D-5837-4ED7-8B56-17BC623744B9}.Ad-Hoc|x64.Deploy.0 = Release|Any CPU
		{4E88067D-5837-4ED7-8B56-17BC623744B9}.Ad-Hoc|x86.ActiveCfg = Release|Any CPU
		{4E88067D-5837-4ED7-8B56-17BC623744B9}.Ad-Hoc|x86.Build.0 = Release|Any CPU
		{4E88067D-5837-4ED7-8B56-17BC623744B9}.Ad-Hoc|x86.Deploy.0 = Release|Any CPU
		{4E88067D-5837-4ED7-8B56-17BC623744B9}.AppStore|Any CPU.ActiveCfg = Release|Any CPU
		{4E88067D-5837-4ED7-8B56-17BC623744B9}.AppStore|Any CPU.Build.0 = Release|Any CPU
		{4E88067D-5837-4ED7-8B56-17BC623744B9}.AppStore|Any CPU.Deploy.0 = Release|Any CPU
		{4E88067D-5837-4ED7-8B56-17BC623744B9}.AppStore|ARM.ActiveCfg = Release|Any CPU
		{4E88067D-5837-4ED7-8B56-17BC623744B9}.AppStore|ARM.Build.0 = Release|Any CPU
		{4E88067D-5837-4ED7-8B56-17BC623744B9}.AppStore|ARM.Deploy.0 = Release|Any CPU
		{4E88067D-5837-4ED7-8B56-17BC623744B9}.AppStore|iPhone.ActiveCfg = Release|Any CPU
		{4E88067D-5837-4ED7-8B56-17BC623744B9}.AppStore|iPhone.Build.0 = Release|Any CPU
		{4E88067D-5837-4ED7-8B56-17BC623744B9}.AppStore|iPhone.Deploy.0 = Release|Any CPU
		{4E88067D-5837-4ED7-8B56-17BC623744B9}.AppStore|iPhoneSimulator.ActiveCfg = Release|Any CPU
		{4E88067D-5837-4ED7-8B56-17BC623744B9}.AppStore|iPhoneSimulator.Build.0 = Release|Any CPU
		{4E88067D-5837-4ED7-8B56-17BC623744B9}.AppStore|iPhoneSimulator.Deploy.0 = Release|Any CPU
		{4E88067D-5837-4ED7-8B56-17BC623744B9}.AppStore|x64.ActiveCfg = Release|Any CPU
		{4E88067D-5837-4ED7-8B56-17BC623744B9}.AppStore|x64.Build.0 = Release|Any CPU
		{4E88067D-5837-4ED7-8B56-17BC623744B9}.AppStore|x64.Deploy.0 = Release|Any CPU
		{4E88067D-5837-4ED7-8B56-17BC623744B9}.AppStore|x86.ActiveCfg = Release|Any CPU
		{4E88067D-5837-4ED7-8B56-17BC623744B9}.AppStore|x86.Build.0 = Release|Any CPU
		{4E88067D-5837-4ED7-8B56-17BC623744B9}.AppStore|x86.Deploy.0 = Release|Any CPU
		{4E88067D-5837-4ED7-8B56-17BC623744B9}.Debug|Any CPU.ActiveCfg = Debug|Any CPU
		{4E88067D-5837-4ED7-8B56-17BC623744B9}.Debug|Any CPU.Build.0 = Debug|Any CPU
		{4E88067D-5837-4ED7-8B56-17BC623744B9}.Debug|Any CPU.Deploy.0 = Debug|Any CPU
		{4E88067D-5837-4ED7-8B56-17BC623744B9}.Debug|ARM.ActiveCfg = Debug|Any CPU
		{4E88067D-5837-4ED7-8B56-17BC623744B9}.Debug|ARM.Build.0 = Debug|Any CPU
		{4E88067D-5837-4ED7-8B56-17BC623744B9}.Debug|ARM.Deploy.0 = Debug|Any CPU
		{4E88067D-5837-4ED7-8B56-17BC623744B9}.Debug|iPhone.ActiveCfg = Debug|Any CPU
		{4E88067D-5837-4ED7-8B56-17BC623744B9}.Debug|iPhone.Build.0 = Debug|Any CPU
		{4E88067D-5837-4ED7-8B56-17BC623744B9}.Debug|iPhone.Deploy.0 = Debug|Any CPU
		{4E88067D-5837-4ED7-8B56-17BC623744B9}.Debug|iPhoneSimulator.ActiveCfg = Debug|Any CPU
		{4E88067D-5837-4ED7-8B56-17BC623744B9}.Debug|iPhoneSimulator.Build.0 = Debug|Any CPU
		{4E88067D-5837-4ED7-8B56-17BC623744B9}.Debug|iPhoneSimulator.Deploy.0 = Debug|Any CPU
		{4E88067D-5837-4ED7-8B56-17BC623744B9}.Debug|x64.ActiveCfg = Debug|Any CPU
		{4E88067D-5837-4ED7-8B56-17BC623744B9}.Debug|x64.Build.0 = Debug|Any CPU
		{4E88067D-5837-4ED7-8B56-17BC623744B9}.Debug|x64.Deploy.0 = Debug|Any CPU
		{4E88067D-5837-4ED7-8B56-17BC623744B9}.Debug|x86.ActiveCfg = Debug|Any CPU
		{4E88067D-5837-4ED7-8B56-17BC623744B9}.Debug|x86.Build.0 = Debug|Any CPU
		{4E88067D-5837-4ED7-8B56-17BC623744B9}.Debug|x86.Deploy.0 = Debug|Any CPU
		{4E88067D-5837-4ED7-8B56-17BC623744B9}.Release|Any CPU.ActiveCfg = Release|Any CPU
		{4E88067D-5837-4ED7-8B56-17BC623744B9}.Release|Any CPU.Build.0 = Release|Any CPU
		{4E88067D-5837-4ED7-8B56-17BC623744B9}.Release|Any CPU.Deploy.0 = Release|Any CPU
		{4E88067D-5837-4ED7-8B56-17BC623744B9}.Release|ARM.ActiveCfg = Release|Any CPU
		{4E88067D-5837-4ED7-8B56-17BC623744B9}.Release|ARM.Build.0 = Release|Any CPU
		{4E88067D-5837-4ED7-8B56-17BC623744B9}.Release|ARM.Deploy.0 = Release|Any CPU
		{4E88067D-5837-4ED7-8B56-17BC623744B9}.Release|iPhone.ActiveCfg = Release|Any CPU
		{4E88067D-5837-4ED7-8B56-17BC623744B9}.Release|iPhone.Build.0 = Release|Any CPU
		{4E88067D-5837-4ED7-8B56-17BC623744B9}.Release|iPhone.Deploy.0 = Release|Any CPU
		{4E88067D-5837-4ED7-8B56-17BC623744B9}.Release|iPhoneSimulator.ActiveCfg = Release|Any CPU
		{4E88067D-5837-4ED7-8B56-17BC623744B9}.Release|iPhoneSimulator.Build.0 = Release|Any CPU
		{4E88067D-5837-4ED7-8B56-17BC623744B9}.Release|iPhoneSimulator.Deploy.0 = Release|Any CPU
		{4E88067D-5837-4ED7-8B56-17BC623744B9}.Release|x64.ActiveCfg = Release|Any CPU
		{4E88067D-5837-4ED7-8B56-17BC623744B9}.Release|x64.Build.0 = Release|Any CPU
		{4E88067D-5837-4ED7-8B56-17BC623744B9}.Release|x64.Deploy.0 = Release|Any CPU
		{4E88067D-5837-4ED7-8B56-17BC623744B9}.Release|x86.ActiveCfg = Release|Any CPU
		{4E88067D-5837-4ED7-8B56-17BC623744B9}.Release|x86.Build.0 = Release|Any CPU
		{4E88067D-5837-4ED7-8B56-17BC623744B9}.Release|x86.Deploy.0 = Release|Any CPU
		{08D28060-6EE3-4C99-A509-309AF9561211}.Ad-Hoc|Any CPU.ActiveCfg = Ad-Hoc|iPhone
		{08D28060-6EE3-4C99-A509-309AF9561211}.Ad-Hoc|Any CPU.Build.0 = Ad-Hoc|iPhone
		{08D28060-6EE3-4C99-A509-309AF9561211}.Ad-Hoc|Any CPU.Deploy.0 = Ad-Hoc|iPhone
		{08D28060-6EE3-4C99-A509-309AF9561211}.Ad-Hoc|ARM.ActiveCfg = Ad-Hoc|iPhone
		{08D28060-6EE3-4C99-A509-309AF9561211}.Ad-Hoc|ARM.Build.0 = Ad-Hoc|iPhone
		{08D28060-6EE3-4C99-A509-309AF9561211}.Ad-Hoc|ARM.Deploy.0 = Ad-Hoc|iPhone
		{08D28060-6EE3-4C99-A509-309AF9561211}.Ad-Hoc|iPhone.ActiveCfg = Ad-Hoc|iPhone
		{08D28060-6EE3-4C99-A509-309AF9561211}.Ad-Hoc|iPhone.Build.0 = Ad-Hoc|iPhone
		{08D28060-6EE3-4C99-A509-309AF9561211}.Ad-Hoc|iPhone.Deploy.0 = Ad-Hoc|iPhone
		{08D28060-6EE3-4C99-A509-309AF9561211}.Ad-Hoc|iPhoneSimulator.ActiveCfg = Ad-Hoc|iPhoneSimulator
		{08D28060-6EE3-4C99-A509-309AF9561211}.Ad-Hoc|iPhoneSimulator.Build.0 = Ad-Hoc|iPhoneSimulator
		{08D28060-6EE3-4C99-A509-309AF9561211}.Ad-Hoc|iPhoneSimulator.Deploy.0 = Ad-Hoc|iPhoneSimulator
		{08D28060-6EE3-4C99-A509-309AF9561211}.Ad-Hoc|x64.ActiveCfg = Ad-Hoc|iPhone
		{08D28060-6EE3-4C99-A509-309AF9561211}.Ad-Hoc|x64.Build.0 = Ad-Hoc|iPhone
		{08D28060-6EE3-4C99-A509-309AF9561211}.Ad-Hoc|x64.Deploy.0 = Ad-Hoc|iPhone
		{08D28060-6EE3-4C99-A509-309AF9561211}.Ad-Hoc|x86.ActiveCfg = Ad-Hoc|iPhone
		{08D28060-6EE3-4C99-A509-309AF9561211}.Ad-Hoc|x86.Build.0 = Ad-Hoc|iPhone
		{08D28060-6EE3-4C99-A509-309AF9561211}.Ad-Hoc|x86.Deploy.0 = Ad-Hoc|iPhone
		{08D28060-6EE3-4C99-A509-309AF9561211}.AppStore|Any CPU.ActiveCfg = AppStore|iPhone
		{08D28060-6EE3-4C99-A509-309AF9561211}.AppStore|Any CPU.Build.0 = AppStore|iPhone
		{08D28060-6EE3-4C99-A509-309AF9561211}.AppStore|Any CPU.Deploy.0 = AppStore|iPhone
		{08D28060-6EE3-4C99-A509-309AF9561211}.AppStore|ARM.ActiveCfg = AppStore|iPhone
		{08D28060-6EE3-4C99-A509-309AF9561211}.AppStore|ARM.Build.0 = AppStore|iPhone
		{08D28060-6EE3-4C99-A509-309AF9561211}.AppStore|ARM.Deploy.0 = AppStore|iPhone
		{08D28060-6EE3-4C99-A509-309AF9561211}.AppStore|iPhone.ActiveCfg = AppStore|iPhone
		{08D28060-6EE3-4C99-A509-309AF9561211}.AppStore|iPhone.Build.0 = AppStore|iPhone
		{08D28060-6EE3-4C99-A509-309AF9561211}.AppStore|iPhone.Deploy.0 = AppStore|iPhone
		{08D28060-6EE3-4C99-A509-309AF9561211}.AppStore|iPhoneSimulator.ActiveCfg = AppStore|iPhoneSimulator
		{08D28060-6EE3-4C99-A509-309AF9561211}.AppStore|iPhoneSimulator.Build.0 = AppStore|iPhoneSimulator
		{08D28060-6EE3-4C99-A509-309AF9561211}.AppStore|iPhoneSimulator.Deploy.0 = AppStore|iPhoneSimulator
		{08D28060-6EE3-4C99-A509-309AF9561211}.AppStore|x64.ActiveCfg = AppStore|iPhone
		{08D28060-6EE3-4C99-A509-309AF9561211}.AppStore|x64.Build.0 = AppStore|iPhone
		{08D28060-6EE3-4C99-A509-309AF9561211}.AppStore|x64.Deploy.0 = AppStore|iPhone
		{08D28060-6EE3-4C99-A509-309AF9561211}.AppStore|x86.ActiveCfg = AppStore|iPhone
		{08D28060-6EE3-4C99-A509-309AF9561211}.AppStore|x86.Build.0 = AppStore|iPhone
		{08D28060-6EE3-4C99-A509-309AF9561211}.AppStore|x86.Deploy.0 = AppStore|iPhone
		{08D28060-6EE3-4C99-A509-309AF9561211}.Debug|Any CPU.ActiveCfg = Debug|iPhoneSimulator
		{08D28060-6EE3-4C99-A509-309AF9561211}.Debug|Any CPU.Build.0 = Debug|iPhoneSimulator
		{08D28060-6EE3-4C99-A509-309AF9561211}.Debug|Any CPU.Deploy.0 = Debug|iPhoneSimulator
		{08D28060-6EE3-4C99-A509-309AF9561211}.Debug|ARM.ActiveCfg = Debug|iPhone
		{08D28060-6EE3-4C99-A509-309AF9561211}.Debug|ARM.Build.0 = Debug|iPhone
		{08D28060-6EE3-4C99-A509-309AF9561211}.Debug|ARM.Deploy.0 = Debug|iPhone
		{08D28060-6EE3-4C99-A509-309AF9561211}.Debug|iPhone.ActiveCfg = Debug|iPhone
		{08D28060-6EE3-4C99-A509-309AF9561211}.Debug|iPhone.Build.0 = Debug|iPhone
		{08D28060-6EE3-4C99-A509-309AF9561211}.Debug|iPhone.Deploy.0 = Debug|iPhone
		{08D28060-6EE3-4C99-A509-309AF9561211}.Debug|iPhoneSimulator.ActiveCfg = Debug|iPhoneSimulator
		{08D28060-6EE3-4C99-A509-309AF9561211}.Debug|iPhoneSimulator.Build.0 = Debug|iPhoneSimulator
		{08D28060-6EE3-4C99-A509-309AF9561211}.Debug|iPhoneSimulator.Deploy.0 = Debug|iPhoneSimulator
		{08D28060-6EE3-4C99-A509-309AF9561211}.Debug|x64.ActiveCfg = Debug|iPhone
		{08D28060-6EE3-4C99-A509-309AF9561211}.Debug|x64.Build.0 = Debug|iPhone
		{08D28060-6EE3-4C99-A509-309AF9561211}.Debug|x64.Deploy.0 = Debug|iPhone
		{08D28060-6EE3-4C99-A509-309AF9561211}.Debug|x86.ActiveCfg = Debug|iPhone
		{08D28060-6EE3-4C99-A509-309AF9561211}.Debug|x86.Build.0 = Debug|iPhone
		{08D28060-6EE3-4C99-A509-309AF9561211}.Debug|x86.Deploy.0 = Debug|iPhone
		{08D28060-6EE3-4C99-A509-309AF9561211}.Release|Any CPU.ActiveCfg = Release|iPhone
		{08D28060-6EE3-4C99-A509-309AF9561211}.Release|Any CPU.Build.0 = Release|iPhone
		{08D28060-6EE3-4C99-A509-309AF9561211}.Release|Any CPU.Deploy.0 = Release|iPhone
		{08D28060-6EE3-4C99-A509-309AF9561211}.Release|ARM.ActiveCfg = Release|iPhone
		{08D28060-6EE3-4C99-A509-309AF9561211}.Release|ARM.Build.0 = Release|iPhone
		{08D28060-6EE3-4C99-A509-309AF9561211}.Release|ARM.Deploy.0 = Release|iPhone
		{08D28060-6EE3-4C99-A509-309AF9561211}.Release|iPhone.ActiveCfg = Release|iPhone
		{08D28060-6EE3-4C99-A509-309AF9561211}.Release|iPhone.Build.0 = Release|iPhone
		{08D28060-6EE3-4C99-A509-309AF9561211}.Release|iPhone.Deploy.0 = Release|iPhone
		{08D28060-6EE3-4C99-A509-309AF9561211}.Release|iPhoneSimulator.ActiveCfg = Release|iPhoneSimulator
		{08D28060-6EE3-4C99-A509-309AF9561211}.Release|iPhoneSimulator.Build.0 = Release|iPhoneSimulator
		{08D28060-6EE3-4C99-A509-309AF9561211}.Release|iPhoneSimulator.Deploy.0 = Release|iPhoneSimulator
		{08D28060-6EE3-4C99-A509-309AF9561211}.Release|x64.ActiveCfg = Release|iPhone
		{08D28060-6EE3-4C99-A509-309AF9561211}.Release|x64.Build.0 = Release|iPhone
		{08D28060-6EE3-4C99-A509-309AF9561211}.Release|x64.Deploy.0 = Release|iPhone
		{08D28060-6EE3-4C99-A509-309AF9561211}.Release|x86.ActiveCfg = Release|iPhone
		{08D28060-6EE3-4C99-A509-309AF9561211}.Release|x86.Build.0 = Release|iPhone
		{08D28060-6EE3-4C99-A509-309AF9561211}.Release|x86.Deploy.0 = Release|iPhone
		{BB4D40FB-2DF8-4763-920E-F7BBE451502F}.Ad-Hoc|Any CPU.ActiveCfg = Release|x86
		{BB4D40FB-2DF8-4763-920E-F7BBE451502F}.Ad-Hoc|Any CPU.Build.0 = Release|x86
		{BB4D40FB-2DF8-4763-920E-F7BBE451502F}.Ad-Hoc|Any CPU.Deploy.0 = Release|x86
		{BB4D40FB-2DF8-4763-920E-F7BBE451502F}.Ad-Hoc|ARM.ActiveCfg = Release|ARM
		{BB4D40FB-2DF8-4763-920E-F7BBE451502F}.Ad-Hoc|ARM.Build.0 = Release|ARM
		{BB4D40FB-2DF8-4763-920E-F7BBE451502F}.Ad-Hoc|ARM.Deploy.0 = Release|ARM
		{BB4D40FB-2DF8-4763-920E-F7BBE451502F}.Ad-Hoc|iPhone.ActiveCfg = Release|x86
		{BB4D40FB-2DF8-4763-920E-F7BBE451502F}.Ad-Hoc|iPhone.Build.0 = Release|x86
		{BB4D40FB-2DF8-4763-920E-F7BBE451502F}.Ad-Hoc|iPhone.Deploy.0 = Release|x86
		{BB4D40FB-2DF8-4763-920E-F7BBE451502F}.Ad-Hoc|iPhoneSimulator.ActiveCfg = Release|x86
		{BB4D40FB-2DF8-4763-920E-F7BBE451502F}.Ad-Hoc|iPhoneSimulator.Build.0 = Release|x86
		{BB4D40FB-2DF8-4763-920E-F7BBE451502F}.Ad-Hoc|iPhoneSimulator.Deploy.0 = Release|x86
		{BB4D40FB-2DF8-4763-920E-F7BBE451502F}.Ad-Hoc|x64.ActiveCfg = Release|x64
		{BB4D40FB-2DF8-4763-920E-F7BBE451502F}.Ad-Hoc|x64.Build.0 = Release|x64
		{BB4D40FB-2DF8-4763-920E-F7BBE451502F}.Ad-Hoc|x64.Deploy.0 = Release|x64
		{BB4D40FB-2DF8-4763-920E-F7BBE451502F}.Ad-Hoc|x86.ActiveCfg = Release|x86
		{BB4D40FB-2DF8-4763-920E-F7BBE451502F}.Ad-Hoc|x86.Build.0 = Release|x86
		{BB4D40FB-2DF8-4763-920E-F7BBE451502F}.Ad-Hoc|x86.Deploy.0 = Release|x86
		{BB4D40FB-2DF8-4763-920E-F7BBE451502F}.AppStore|Any CPU.ActiveCfg = Release|x86
		{BB4D40FB-2DF8-4763-920E-F7BBE451502F}.AppStore|Any CPU.Build.0 = Release|x86
		{BB4D40FB-2DF8-4763-920E-F7BBE451502F}.AppStore|Any CPU.Deploy.0 = Release|x86
		{BB4D40FB-2DF8-4763-920E-F7BBE451502F}.AppStore|ARM.ActiveCfg = Release|ARM
		{BB4D40FB-2DF8-4763-920E-F7BBE451502F}.AppStore|ARM.Build.0 = Release|ARM
		{BB4D40FB-2DF8-4763-920E-F7BBE451502F}.AppStore|ARM.Deploy.0 = Release|ARM
		{BB4D40FB-2DF8-4763-920E-F7BBE451502F}.AppStore|iPhone.ActiveCfg = Release|x86
		{BB4D40FB-2DF8-4763-920E-F7BBE451502F}.AppStore|iPhone.Build.0 = Release|x86
		{BB4D40FB-2DF8-4763-920E-F7BBE451502F}.AppStore|iPhone.Deploy.0 = Release|x86
		{BB4D40FB-2DF8-4763-920E-F7BBE451502F}.AppStore|iPhoneSimulator.ActiveCfg = Release|x86
		{BB4D40FB-2DF8-4763-920E-F7BBE451502F}.AppStore|iPhoneSimulator.Build.0 = Release|x86
		{BB4D40FB-2DF8-4763-920E-F7BBE451502F}.AppStore|iPhoneSimulator.Deploy.0 = Release|x86
		{BB4D40FB-2DF8-4763-920E-F7BBE451502F}.AppStore|x64.ActiveCfg = Release|x64
		{BB4D40FB-2DF8-4763-920E-F7BBE451502F}.AppStore|x64.Build.0 = Release|x64
		{BB4D40FB-2DF8-4763-920E-F7BBE451502F}.AppStore|x64.Deploy.0 = Release|x64
		{BB4D40FB-2DF8-4763-920E-F7BBE451502F}.AppStore|x86.ActiveCfg = Release|x86
		{BB4D40FB-2DF8-4763-920E-F7BBE451502F}.AppStore|x86.Build.0 = Release|x86
		{BB4D40FB-2DF8-4763-920E-F7BBE451502F}.AppStore|x86.Deploy.0 = Release|x86
		{BB4D40FB-2DF8-4763-920E-F7BBE451502F}.Debug|Any CPU.ActiveCfg = Debug|x86
		{BB4D40FB-2DF8-4763-920E-F7BBE451502F}.Debug|Any CPU.Build.0 = Debug|x86
		{BB4D40FB-2DF8-4763-920E-F7BBE451502F}.Debug|Any CPU.Deploy.0 = Debug|x86
		{BB4D40FB-2DF8-4763-920E-F7BBE451502F}.Debug|ARM.ActiveCfg = Debug|ARM
		{BB4D40FB-2DF8-4763-920E-F7BBE451502F}.Debug|ARM.Build.0 = Debug|ARM
		{BB4D40FB-2DF8-4763-920E-F7BBE451502F}.Debug|ARM.Deploy.0 = Debug|ARM
		{BB4D40FB-2DF8-4763-920E-F7BBE451502F}.Debug|iPhone.ActiveCfg = Debug|x86
		{BB4D40FB-2DF8-4763-920E-F7BBE451502F}.Debug|iPhone.Build.0 = Debug|x86
		{BB4D40FB-2DF8-4763-920E-F7BBE451502F}.Debug|iPhone.Deploy.0 = Debug|x86
		{BB4D40FB-2DF8-4763-920E-F7BBE451502F}.Debug|iPhoneSimulator.ActiveCfg = Debug|x86
		{BB4D40FB-2DF8-4763-920E-F7BBE451502F}.Debug|iPhoneSimulator.Build.0 = Debug|x86
		{BB4D40FB-2DF8-4763-920E-F7BBE451502F}.Debug|iPhoneSimulator.Deploy.0 = Debug|x86
		{BB4D40FB-2DF8-4763-920E-F7BBE451502F}.Debug|x64.ActiveCfg = Debug|x64
		{BB4D40FB-2DF8-4763-920E-F7BBE451502F}.Debug|x64.Build.0 = Debug|x64
		{BB4D40FB-2DF8-4763-920E-F7BBE451502F}.Debug|x64.Deploy.0 = Debug|x64
		{BB4D40FB-2DF8-4763-920E-F7BBE451502F}.Debug|x86.ActiveCfg = Debug|x86
		{BB4D40FB-2DF8-4763-920E-F7BBE451502F}.Debug|x86.Build.0 = Debug|x86
		{BB4D40FB-2DF8-4763-920E-F7BBE451502F}.Debug|x86.Deploy.0 = Debug|x86
		{BB4D40FB-2DF8-4763-920E-F7BBE451502F}.Release|Any CPU.ActiveCfg = Release|x86
		{BB4D40FB-2DF8-4763-920E-F7BBE451502F}.Release|Any CPU.Build.0 = Release|x86
		{BB4D40FB-2DF8-4763-920E-F7BBE451502F}.Release|Any CPU.Deploy.0 = Release|x86
		{BB4D40FB-2DF8-4763-920E-F7BBE451502F}.Release|ARM.ActiveCfg = Release|ARM
		{BB4D40FB-2DF8-4763-920E-F7BBE451502F}.Release|ARM.Build.0 = Release|ARM
		{BB4D40FB-2DF8-4763-920E-F7BBE451502F}.Release|ARM.Deploy.0 = Release|ARM
		{BB4D40FB-2DF8-4763-920E-F7BBE451502F}.Release|iPhone.ActiveCfg = Release|x86
		{BB4D40FB-2DF8-4763-920E-F7BBE451502F}.Release|iPhone.Build.0 = Release|x86
		{BB4D40FB-2DF8-4763-920E-F7BBE451502F}.Release|iPhone.Deploy.0 = Release|x86
		{BB4D40FB-2DF8-4763-920E-F7BBE451502F}.Release|iPhoneSimulator.ActiveCfg = Release|x86
		{BB4D40FB-2DF8-4763-920E-F7BBE451502F}.Release|iPhoneSimulator.Build.0 = Release|x86
		{BB4D40FB-2DF8-4763-920E-F7BBE451502F}.Release|iPhoneSimulator.Deploy.0 = Release|x86
		{BB4D40FB-2DF8-4763-920E-F7BBE451502F}.Release|x64.ActiveCfg = Release|x64
		{BB4D40FB-2DF8-4763-920E-F7BBE451502F}.Release|x64.Build.0 = Release|x64
		{BB4D40FB-2DF8-4763-920E-F7BBE451502F}.Release|x64.Deploy.0 = Release|x64
		{BB4D40FB-2DF8-4763-920E-F7BBE451502F}.Release|x86.ActiveCfg = Release|x86
		{BB4D40FB-2DF8-4763-920E-F7BBE451502F}.Release|x86.Build.0 = Release|x86
		{BB4D40FB-2DF8-4763-920E-F7BBE451502F}.Release|x86.Deploy.0 = Release|x86
		{7E46B330-DA9D-43BA-81CD-82667CC8A473}.Ad-Hoc|Any CPU.ActiveCfg = Debug|Any CPU
		{7E46B330-DA9D-43BA-81CD-82667CC8A473}.Ad-Hoc|Any CPU.Build.0 = Debug|Any CPU
		{7E46B330-DA9D-43BA-81CD-82667CC8A473}.Ad-Hoc|Any CPU.Deploy.0 = Debug|Any CPU
		{7E46B330-DA9D-43BA-81CD-82667CC8A473}.Ad-Hoc|ARM.ActiveCfg = Debug|Any CPU
		{7E46B330-DA9D-43BA-81CD-82667CC8A473}.Ad-Hoc|ARM.Build.0 = Debug|Any CPU
		{7E46B330-DA9D-43BA-81CD-82667CC8A473}.Ad-Hoc|ARM.Deploy.0 = Debug|Any CPU
		{7E46B330-DA9D-43BA-81CD-82667CC8A473}.Ad-Hoc|iPhone.ActiveCfg = Debug|Any CPU
		{7E46B330-DA9D-43BA-81CD-82667CC8A473}.Ad-Hoc|iPhone.Build.0 = Debug|Any CPU
		{7E46B330-DA9D-43BA-81CD-82667CC8A473}.Ad-Hoc|iPhone.Deploy.0 = Debug|Any CPU
		{7E46B330-DA9D-43BA-81CD-82667CC8A473}.Ad-Hoc|iPhoneSimulator.ActiveCfg = Debug|Any CPU
		{7E46B330-DA9D-43BA-81CD-82667CC8A473}.Ad-Hoc|iPhoneSimulator.Build.0 = Debug|Any CPU
		{7E46B330-DA9D-43BA-81CD-82667CC8A473}.Ad-Hoc|iPhoneSimulator.Deploy.0 = Debug|Any CPU
		{7E46B330-DA9D-43BA-81CD-82667CC8A473}.Ad-Hoc|x64.ActiveCfg = Debug|Any CPU
		{7E46B330-DA9D-43BA-81CD-82667CC8A473}.Ad-Hoc|x64.Build.0 = Debug|Any CPU
		{7E46B330-DA9D-43BA-81CD-82667CC8A473}.Ad-Hoc|x64.Deploy.0 = Debug|Any CPU
		{7E46B330-DA9D-43BA-81CD-82667CC8A473}.Ad-Hoc|x86.ActiveCfg = Debug|Any CPU
		{7E46B330-DA9D-43BA-81CD-82667CC8A473}.Ad-Hoc|x86.Build.0 = Debug|Any CPU
		{7E46B330-DA9D-43BA-81CD-82667CC8A473}.Ad-Hoc|x86.Deploy.0 = Debug|Any CPU
		{7E46B330-DA9D-43BA-81CD-82667CC8A473}.AppStore|Any CPU.ActiveCfg = Debug|Any CPU
		{7E46B330-DA9D-43BA-81CD-82667CC8A473}.AppStore|Any CPU.Build.0 = Debug|Any CPU
		{7E46B330-DA9D-43BA-81CD-82667CC8A473}.AppStore|Any CPU.Deploy.0 = Debug|Any CPU
		{7E46B330-DA9D-43BA-81CD-82667CC8A473}.AppStore|ARM.ActiveCfg = Debug|Any CPU
		{7E46B330-DA9D-43BA-81CD-82667CC8A473}.AppStore|ARM.Build.0 = Debug|Any CPU
		{7E46B330-DA9D-43BA-81CD-82667CC8A473}.AppStore|ARM.Deploy.0 = Debug|Any CPU
		{7E46B330-DA9D-43BA-81CD-82667CC8A473}.AppStore|iPhone.ActiveCfg = Debug|Any CPU
		{7E46B330-DA9D-43BA-81CD-82667CC8A473}.AppStore|iPhone.Build.0 = Debug|Any CPU
		{7E46B330-DA9D-43BA-81CD-82667CC8A473}.AppStore|iPhone.Deploy.0 = Debug|Any CPU
		{7E46B330-DA9D-43BA-81CD-82667CC8A473}.AppStore|iPhoneSimulator.ActiveCfg = Debug|Any CPU
		{7E46B330-DA9D-43BA-81CD-82667CC8A473}.AppStore|iPhoneSimulator.Build.0 = Debug|Any CPU
		{7E46B330-DA9D-43BA-81CD-82667CC8A473}.AppStore|iPhoneSimulator.Deploy.0 = Debug|Any CPU
		{7E46B330-DA9D-43BA-81CD-82667CC8A473}.AppStore|x64.ActiveCfg = Debug|Any CPU
		{7E46B330-DA9D-43BA-81CD-82667CC8A473}.AppStore|x64.Build.0 = Debug|Any CPU
		{7E46B330-DA9D-43BA-81CD-82667CC8A473}.AppStore|x64.Deploy.0 = Debug|Any CPU
		{7E46B330-DA9D-43BA-81CD-82667CC8A473}.AppStore|x86.ActiveCfg = Debug|Any CPU
		{7E46B330-DA9D-43BA-81CD-82667CC8A473}.AppStore|x86.Build.0 = Debug|Any CPU
		{7E46B330-DA9D-43BA-81CD-82667CC8A473}.AppStore|x86.Deploy.0 = Debug|Any CPU
		{7E46B330-DA9D-43BA-81CD-82667CC8A473}.Debug|Any CPU.ActiveCfg = Debug|Any CPU
		{7E46B330-DA9D-43BA-81CD-82667CC8A473}.Debug|Any CPU.Build.0 = Debug|Any CPU
		{7E46B330-DA9D-43BA-81CD-82667CC8A473}.Debug|Any CPU.Deploy.0 = Debug|Any CPU
		{7E46B330-DA9D-43BA-81CD-82667CC8A473}.Debug|ARM.ActiveCfg = Debug|Any CPU
		{7E46B330-DA9D-43BA-81CD-82667CC8A473}.Debug|ARM.Build.0 = Debug|Any CPU
		{7E46B330-DA9D-43BA-81CD-82667CC8A473}.Debug|ARM.Deploy.0 = Debug|Any CPU
		{7E46B330-DA9D-43BA-81CD-82667CC8A473}.Debug|iPhone.ActiveCfg = Debug|Any CPU
		{7E46B330-DA9D-43BA-81CD-82667CC8A473}.Debug|iPhone.Build.0 = Debug|Any CPU
		{7E46B330-DA9D-43BA-81CD-82667CC8A473}.Debug|iPhone.Deploy.0 = Debug|Any CPU
		{7E46B330-DA9D-43BA-81CD-82667CC8A473}.Debug|iPhoneSimulator.ActiveCfg = Debug|Any CPU
		{7E46B330-DA9D-43BA-81CD-82667CC8A473}.Debug|iPhoneSimulator.Build.0 = Debug|Any CPU
		{7E46B330-DA9D-43BA-81CD-82667CC8A473}.Debug|iPhoneSimulator.Deploy.0 = Debug|Any CPU
		{7E46B330-DA9D-43BA-81CD-82667CC8A473}.Debug|x64.ActiveCfg = Debug|Any CPU
		{7E46B330-DA9D-43BA-81CD-82667CC8A473}.Debug|x64.Build.0 = Debug|Any CPU
		{7E46B330-DA9D-43BA-81CD-82667CC8A473}.Debug|x64.Deploy.0 = Debug|Any CPU
		{7E46B330-DA9D-43BA-81CD-82667CC8A473}.Debug|x86.ActiveCfg = Debug|Any CPU
		{7E46B330-DA9D-43BA-81CD-82667CC8A473}.Debug|x86.Build.0 = Debug|Any CPU
		{7E46B330-DA9D-43BA-81CD-82667CC8A473}.Debug|x86.Deploy.0 = Debug|Any CPU
		{7E46B330-DA9D-43BA-81CD-82667CC8A473}.Release|Any CPU.ActiveCfg = Release|Any CPU
		{7E46B330-DA9D-43BA-81CD-82667CC8A473}.Release|Any CPU.Build.0 = Release|Any CPU
		{7E46B330-DA9D-43BA-81CD-82667CC8A473}.Release|Any CPU.Deploy.0 = Release|Any CPU
		{7E46B330-DA9D-43BA-81CD-82667CC8A473}.Release|ARM.ActiveCfg = Release|Any CPU
		{7E46B330-DA9D-43BA-81CD-82667CC8A473}.Release|ARM.Build.0 = Release|Any CPU
		{7E46B330-DA9D-43BA-81CD-82667CC8A473}.Release|ARM.Deploy.0 = Release|Any CPU
		{7E46B330-DA9D-43BA-81CD-82667CC8A473}.Release|iPhone.ActiveCfg = Release|Any CPU
		{7E46B330-DA9D-43BA-81CD-82667CC8A473}.Release|iPhone.Build.0 = Release|Any CPU
		{7E46B330-DA9D-43BA-81CD-82667CC8A473}.Release|iPhone.Deploy.0 = Release|Any CPU
		{7E46B330-DA9D-43BA-81CD-82667CC8A473}.Release|iPhoneSimulator.ActiveCfg = Release|Any CPU
		{7E46B330-DA9D-43BA-81CD-82667CC8A473}.Release|iPhoneSimulator.Build.0 = Release|Any CPU
		{7E46B330-DA9D-43BA-81CD-82667CC8A473}.Release|iPhoneSimulator.Deploy.0 = Release|Any CPU
		{7E46B330-DA9D-43BA-81CD-82667CC8A473}.Release|x64.ActiveCfg = Release|Any CPU
		{7E46B330-DA9D-43BA-81CD-82667CC8A473}.Release|x64.Build.0 = Release|Any CPU
		{7E46B330-DA9D-43BA-81CD-82667CC8A473}.Release|x64.Deploy.0 = Release|Any CPU
		{7E46B330-DA9D-43BA-81CD-82667CC8A473}.Release|x86.ActiveCfg = Release|Any CPU
		{7E46B330-DA9D-43BA-81CD-82667CC8A473}.Release|x86.Build.0 = Release|Any CPU
		{7E46B330-DA9D-43BA-81CD-82667CC8A473}.Release|x86.Deploy.0 = Release|Any CPU
	EndGlobalSection
	GlobalSection(SolutionProperties) = preSolution
		HideSolutionNode = FALSE
	EndGlobalSection
	GlobalSection(ExtensibilityGlobals) = postSolution
		SolutionGuid = {9BA158F8-3DF3-40FC-99A4-82E92A5587F6}
	EndGlobalSection
EndGlobal
